{
  "version": 4,
  "terraform_version": "1.5.7",
  "serial": 16,
  "lineage": "f570ed2a-60a7-b969-b24b-c59e5adeb355",
  "outputs": {
    "gitlab_url": {
      "value": "http://84.201.135.19",
      "type": "string"
    }
  },
  "resources": [
    {
      "mode": "data",
      "type": "yandex_compute_image",
      "name": "gitlab",
      "provider": "provider[\"registry.terraform.io/yandex-cloud/yandex\"]",
      "instances": [
        {
          "schema_version": 0,
          "attributes": {
            "created_at": "2025-09-01T11:08:16Z",
            "description": "gitlab factory build",
            "family": "gitlab",
            "folder_id": "standard-images",
            "hardware_generation": [
              {
                "generation2_features": [],
                "legacy_features": [
                  {
                    "pci_topology": "PCI_TOPOLOGY_V1"
                  }
                ]
              }
            ],
            "id": "fd8cmcltd99pftbg7bu0",
            "image_id": "fd8cmcltd99pftbg7bu0",
            "kms_key_id": null,
            "labels": {},
            "min_disk_size": 10,
            "name": "gitlab-v20250901",
            "os_type": "linux",
            "pooled": true,
            "product_ids": [
              "f2e1n45v04d3nbo6idof",
              "f2els1pm4va25i116rqv"
            ],
            "size": 6,
            "status": "ready"
          },
          "sensitive_attributes": []
        }
      ]
    },
    {
      "mode": "managed",
      "type": "yandex_compute_instance",
      "name": "gitlab",
      "provider": "provider[\"registry.terraform.io/yandex-cloud/yandex\"]",
      "instances": [
        {
          "schema_version": 1,
          "attributes": {
            "allow_recreate": null,
            "allow_stopping_for_update": null,
            "boot_disk": [
              {
                "auto_delete": true,
                "device_name": "fhm3skseu8r26coba397",
                "disk_id": "fhm3skseu8r26coba397",
                "initialize_params": [
                  {
                    "block_size": 4096,
                    "description": "",
                    "image_id": "fd8cmcltd99pftbg7bu0",
                    "kms_key_id": "",
                    "name": "",
                    "size": 30,
                    "snapshot_id": "",
                    "type": "network-ssd"
                  }
                ],
                "mode": "READ_WRITE"
              }
            ],
            "created_at": "2025-09-04T17:12:37Z",
            "description": "",
            "filesystem": [],
            "folder_id": "b1g6fdgs4oe430h5qpe4",
            "fqdn": "fhmicjqm0a11s2le6ac0.auto.internal",
            "gpu_cluster_id": "",
            "hardware_generation": [
              {
                "generation2_features": [],
                "legacy_features": [
                  {
                    "pci_topology": "PCI_TOPOLOGY_V1"
                  }
                ]
              }
            ],
            "hostname": "",
            "id": "fhmicjqm0a11s2le6ac0",
            "labels": null,
            "local_disk": [],
            "maintenance_grace_period": "",
            "maintenance_policy": null,
            "metadata": {
              "ssh-keys": "ubuntu:ssh-rsa AAAAB3NzaC1yc2EAAAADAQABAAACAQDvMC1ITQARjZnn+993oCFSv77sHzZV0WODdhga4IQOGQIpCjl1wBWcZNzOxmZa/RMewZWrz33OOfCKnnzK3hCzTgseaISDySpwMNh8rpP+6P+xiTTCl70IQaQ+vIvT9AlEtfBJ8BEs33DPhHMOTNhOMHDBuhwuFzc5QX5d2EYto0m6X358gbQJ3HWY7GSqCqqOPen4mJKcqs5rvtZyhZK3XNCyUvThYnFDLmxjfFE+jpvBcqGpBNUfGYecBCHgB2z1DhwRbqrccntVcq4i9W9D5pJB2kZK0KAMvsqiJwV1kPgDOPfsWJiEODBsDfBb/nXb621/VUdlaBVxTPWjcH16qXquVxsw8/4TdLcL1uTm6P0TRUly0+YSkEi6Bk9bHXKcf0uNnNNVHlpdcvOCy8d4whgsLWu5BniKU+2+Anrye0MqMqlkvVDjc27h2Ni4QZpB5TWolzNhlZn00FNCL+Y3VCt+wIfNDIMg0dbuf6xHfw5tixKsoFkORMg29WfF7Ru88KTUWE3T/DeBY+18+WFzXSxfw3OPnLRP57hBeq2B9NvLTbtEWaR/yuLpCrwAWpvyDoESsBctX7iHFASDclRIEJKtlmzYWGXdx/rFqTwAHsS0aPz6T+qBd4mDnNjCbBjvHyet8Vdt/+/AS+wzxgLVZJ4kiUotnP50ouw4HMJF/w== VGridin@MSK-MAC-J09GM2.mbrd.ru\n"
            },
            "metadata_options": [
              {
                "aws_v1_http_endpoint": 1,
                "aws_v1_http_token": 2,
                "gce_http_endpoint": 1,
                "gce_http_token": 1
              }
            ],
            "name": "gitlab",
            "network_acceleration_type": "standard",
            "network_interface": [
              {
                "dns_record": [],
                "index": 0,
                "ip_address": "192.168.10.30",
                "ipv4": true,
                "ipv6": false,
                "ipv6_address": "",
                "ipv6_dns_record": [],
                "mac_address": "d0:0d:12:64:f5:60",
                "nat": true,
                "nat_dns_record": [],
                "nat_ip_address": "84.201.135.19",
                "nat_ip_version": "IPV4",
                "security_group_ids": [
                  "enpmbscu6vccdhumv5pl"
                ],
                "subnet_id": "e9b2laemecpsjivmm5og"
              }
            ],
            "placement_policy": [
              {
                "host_affinity_rules": [],
                "placement_group_id": "",
                "placement_group_partition": 0
              }
            ],
            "platform_id": "standard-v3",
            "resources": [
              {
                "core_fraction": 100,
                "cores": 4,
                "gpus": 0,
                "memory": 8
              }
            ],
            "scheduling_policy": [
              {
                "preemptible": false
              }
            ],
            "secondary_disk": [],
            "service_account_id": "",
            "status": "running",
            "timeouts": null,
            "zone": "ru-central1-a"
          },
          "sensitive_attributes": [],
          "private": "eyJlMmJmYjczMC1lY2FhLTExZTYtOGY4OC0zNDM2M2JjN2M0YzAiOnsiY3JlYXRlIjozMDAwMDAwMDAwMDAsImRlbGV0ZSI6MzAwMDAwMDAwMDAwLCJ1cGRhdGUiOjMwMDAwMDAwMDAwMH0sInNjaGVtYV92ZXJzaW9uIjoiMSJ9",
          "dependencies": [
            "data.yandex_compute_image.gitlab",
            "yandex_vpc_network.gitlab",
            "yandex_vpc_security_group.gitlab",
            "yandex_vpc_subnet.gitlab"
          ]
        }
      ]
    },
    {
      "mode": "managed",
      "type": "yandex_vpc_network",
      "name": "gitlab",
      "provider": "provider[\"registry.terraform.io/yandex-cloud/yandex\"]",
      "instances": [
        {
          "schema_version": 0,
          "attributes": {
            "created_at": "2025-09-04T17:12:30Z",
            "default_security_group_id": "enpvn7fckpnab9s304ln",
            "description": "",
            "folder_id": "b1g6fdgs4oe430h5qpe4",
            "id": "enpn5mhrhp9p4ht75nga",
            "labels": {},
            "name": "gitlab-net",
            "subnet_ids": [],
            "timeouts": null
          },
          "sensitive_attributes": [],
          "private": "eyJlMmJmYjczMC1lY2FhLTExZTYtOGY4OC0zNDM2M2JjN2M0YzAiOnsiY3JlYXRlIjo2MDAwMDAwMDAwMCwiZGVsZXRlIjo2MDAwMDAwMDAwMCwidXBkYXRlIjo2MDAwMDAwMDAwMH19"
        }
      ]
    },
    {
      "mode": "managed",
      "type": "yandex_vpc_security_group",
      "name": "gitlab",
      "provider": "provider[\"registry.terraform.io/yandex-cloud/yandex\"]",
      "instances": [
        {
          "schema_version": 0,
          "attributes": {
            "created_at": "2025-09-04T17:12:36Z",
            "description": "",
            "egress": [
              {
                "description": "",
                "from_port": 0,
                "id": "enppqge7ano7re5mig54",
                "labels": {},
                "port": -1,
                "predefined_target": "",
                "protocol": "ANY",
                "security_group_id": "",
                "to_port": 65535,
                "v4_cidr_blocks": [
                  "0.0.0.0/0"
                ],
                "v6_cidr_blocks": []
              }
            ],
            "folder_id": "b1g6fdgs4oe430h5qpe4",
            "id": "enpmbscu6vccdhumv5pl",
            "ingress": [
              {
                "description": "HTTP",
                "from_port": -1,
                "id": "enpqora2llqjvd5gpf5d",
                "labels": {},
                "port": 80,
                "predefined_target": "",
                "protocol": "TCP",
                "security_group_id": "",
                "to_port": -1,
                "v4_cidr_blocks": [
                  "0.0.0.0/0"
                ],
                "v6_cidr_blocks": []
              },
              {
                "description": "HTTPS",
                "from_port": -1,
                "id": "enp2pm2lhi6sanjo6647",
                "labels": {},
                "port": 443,
                "predefined_target": "",
                "protocol": "TCP",
                "security_group_id": "",
                "to_port": -1,
                "v4_cidr_blocks": [
                  "0.0.0.0/0"
                ],
                "v6_cidr_blocks": []
              },
              {
                "description": "SSH",
                "from_port": -1,
                "id": "enpd80dlha5edjo70eqt",
                "labels": {},
                "port": 22,
                "predefined_target": "",
                "protocol": "TCP",
                "security_group_id": "",
                "to_port": -1,
                "v4_cidr_blocks": [
                  "0.0.0.0/0"
                ],
                "v6_cidr_blocks": []
              }
            ],
            "labels": {},
            "name": "gitlab-sg",
            "network_id": "enpn5mhrhp9p4ht75nga",
            "status": "ACTIVE",
            "timeouts": null
          },
          "sensitive_attributes": [],
          "private": "eyJlMmJmYjczMC1lY2FhLTExZTYtOGY4OC0zNDM2M2JjN2M0YzAiOnsiY3JlYXRlIjoxODAwMDAwMDAwMDAsImRlbGV0ZSI6MTgwMDAwMDAwMDAwLCJ1cGRhdGUiOjE4MDAwMDAwMDAwMH19",
          "dependencies": [
            "yandex_vpc_network.gitlab"
          ]
        }
      ]
    },
    {
      "mode": "managed",
      "type": "yandex_vpc_subnet",
      "name": "gitlab",
      "provider": "provider[\"registry.terraform.io/yandex-cloud/yandex\"]",
      "instances": [
        {
          "schema_version": 0,
          "attributes": {
            "created_at": "2025-09-04T17:12:33Z",
            "description": "",
            "dhcp_options": [],
            "folder_id": "b1g6fdgs4oe430h5qpe4",
            "id": "e9b2laemecpsjivmm5og",
            "labels": {},
            "name": "gitlab-subnet",
            "network_id": "enpn5mhrhp9p4ht75nga",
            "route_table_id": "",
            "timeouts": null,
            "v4_cidr_blocks": [
              "192.168.10.0/24"
            ],
            "v6_cidr_blocks": [],
            "zone": "ru-central1-a"
          },
          "sensitive_attributes": [],
          "private": "eyJlMmJmYjczMC1lY2FhLTExZTYtOGY4OC0zNDM2M2JjN2M0YzAiOnsiY3JlYXRlIjoxODAwMDAwMDAwMDAsImRlbGV0ZSI6MTgwMDAwMDAwMDAwLCJ1cGRhdGUiOjE4MDAwMDAwMDAwMH19",
          "dependencies": [
            "yandex_vpc_network.gitlab"
          ]
        }
      ]
    }
  ],
  "check_results": null
}
